
Microsoft Visual Studio Solution File, Format Version 12.00
# Visual Studio Version 17
VisualStudioVersion = 17.4.33205.214
MinimumVisualStudioVersion = 10.0.40219.1
Project("{8BC9CEB8-8B4A-11D0-8D11-00A0C91BC942}") = "Task Repetition of the passed", "Task Repetition of the passed\Task Repetition of the passed.vcxproj", "{B1C8C590-E4EF-404F-8563-C6457F26E7B7}"
EndProject
Global
	GlobalSection(SolutionConfigurationPlatforms) = preSolution
		Debug|x64 = Debug|x64
		Debug|x86 = Debug|x86
		Release|x64 = Release|x64
		Release|x86 = Release|x86
	EndGlobalSection
	GlobalSection(ProjectConfigurationPlatforms) = postSolution
		{B1C8C590-E4EF-404F-8563-C6457F26E7B7}.Debug|x64.ActiveCfg = Debug|x64
		{B1C8C590-E4EF-404F-8563-C6457F26E7B7}.Debug|x64.Build.0 = Debug|x64
		{B1C8C590-E4EF-404F-8563-C6457F26E7B7}.Debug|x86.ActiveCfg = Debug|Win32
		{B1C8C590-E4EF-404F-8563-C6457F26E7B7}.Debug|x86.Build.0 = Debug|Win32
		{B1C8C590-E4EF-404F-8563-C6457F26E7B7}.Release|x64.ActiveCfg = Release|x64
		{B1C8C590-E4EF-404F-8563-C6457F26E7B7}.Release|x64.Build.0 = Release|x64
		{B1C8C590-E4EF-404F-8563-C6457F26E7B7}.Release|x86.ActiveCfg = Release|Win32
		{B1C8C590-E4EF-404F-8563-C6457F26E7B7}.Release|x86.Build.0 = Release|Win32
	EndGlobalSection
	GlobalSection(SolutionProperties) = preSolution
		HideSolutionNode = FALSE
	EndGlobalSection
	GlobalSection(ExtensibilityGlobals) = postSolution
		SolutionGuid = {B280DBE8-E560-4DAC-B71E-0A6227F54803}
	EndGlobalSection
EndGlobal
